{
	"name": "@auraflare/shared",
	"lockfileVersion": 3,
	"requires": true,
	"packages": {
		"": {
			"name": "@auraflare/shared",
			"license": "Apache-2.0",
			"dependencies": {
				"@nsnanocat/util": "^2.5.17"
			}
		},
		"node_modules/@nsnanocat/util": {
			"version": "2.5.17",
			"resolved": "https://npm.pkg.github.com/download/@nsnanocat/util/2.5.17/645a0eb7cc0577f2591f6dd301668602fac3aa83",
			"integrity": "sha512-abenvx671RqPvEzbktkNgbkeSUKmOwEd8509QvzEzYtOYi9W5VUTFoGVDzGpZggadjIlt601bfMw48ii0/CNUw==",
			"license": "Apache-2.0"
		}
	}
}
