{
	"name": "@auraflare/shared",
	"lockfileVersion": 3,
	"requires": true,
	"packages": {
		"": {
			"name": "@auraflare/shared",
			"license": "Apache-2.0",
			"dependencies": {
				"@nsnanocat/util": "^1.7.6"
			}
		},
		"node_modules/@nsnanocat/util": {
			"version": "1.7.6",
			"resolved": "https://npm.pkg.github.com/download/@nsnanocat/util/1.7.6/4c7a65d6e991a2bfe1dd19651874bd3b3779d740",
			"integrity": "sha512-vttYKFHhpl1O5r6jCXwyQ1n8i6RJ0oMUhTjXV2B6HZI2yucPnxK4ZVlAcM1zxee5+Wm7acGxRZXLGVXg7HV9hA==",
			"license": "Apache-2.0",
			"dependencies": {
				"pako": "^2.1.0"
			}
		},
		"node_modules/pako": {
			"version": "2.1.0",
			"resolved": "https://registry.npmjs.org/pako/-/pako-2.1.0.tgz",
			"integrity": "sha512-w+eufiZ1WuJYgPXbV/PO3NCMEc3xqylkKHzp8bxp1uW4qaSNQUkwmLLEc3kKsfz8lpV1F8Ht3U1Cm+9Srog2ug==",
			"license": "(MIT AND Zlib)"
		}
	}
}
