{
	"name": "@auraflare/shared",
	"lockfileVersion": 3,
	"requires": true,
	"packages": {
		"": {
			"name": "@auraflare/shared",
			"license": "Apache-2.0",
			"dependencies": {
				"@nsnanocat/util": "^2.5.2"
			}
		},
		"node_modules/@nsnanocat/util": {
			"version": "2.5.2",
			"resolved": "https://npm.pkg.github.com/download/@nsnanocat/util/2.5.2/6642089d1a949ed1c136dd5243c98223fd8a895a",
			"integrity": "sha512-4p4LjjS0KTp7w5h6NuMD0v9vtmBeRjI9p1Nez+T9xVFEa1D5yL1Wg4qTIP3w2ks44ImFE1k+/+C8R8ySlrK5wg==",
			"license": "Apache-2.0"
		}
	}
}
